
Microsoft Visual Studio Solution File, Format Version 12.00
# Visual Studio Version 17
VisualStudioVersion = 17.10.35122.118
MinimumVisualStudioVersion = 10.0.40219.1
Project("{FAE04EC0-301F-11D3-BF4B-00C04F79EFBC}") = "SplitJerkTool", "SplitJerkTool.csproj", "{39060CA6-65B1-4B98-9436-27E6EA0EDF6C}"
EndProject
Global
	GlobalSection(SolutionConfigurationPlatforms) = preSolution
		Debug|Any CPU = Debug|Any CPU
		Release|Any CPU = Release|Any CPU
	EndGlobalSection
	GlobalSection(ProjectConfigurationPlatforms) = postSolution
		{39060CA6-65B1-4B98-9436-27E6EA0EDF6C}.Debug|Any CPU.ActiveCfg = Debug|Any CPU
		{39060CA6-65B1-4B98-9436-27E6EA0EDF6C}.Debug|Any CPU.Build.0 = Debug|Any CPU
		{39060CA6-65B1-4B98-9436-27E6EA0EDF6C}.Release|Any CPU.ActiveCfg = Release|Any CPU
		{39060CA6-65B1-4B98-9436-27E6EA0EDF6C}.Release|Any CPU.Build.0 = Release|Any CPU
	EndGlobalSection
	GlobalSection(SolutionProperties) = preSolution
		HideSolutionNode = FALSE
	EndGlobalSection
	GlobalSection(ExtensibilityGlobals) = postSolution
		SolutionGuid = {5DB2CF40-A0FD-405D-98BA-3E754BE4C2EA}
	EndGlobalSection
EndGlobal
